github.com/cloudwego/eino v0.6.0 h1:pobGKMOfcQHVNhD9UT/HrvO0eYG6FC2ML/NKY2Eb9+Q=
github.com/cloudwego/eino v0.6.0/go.mod h1:JNapfU+QUrFFpboNDrNOFvmz0m9wjBFHHCr77RH6a50=
github.com/cloudwego/eino v0.8.13 h1:z5dhaZNN8TWZbP/lgKxGmF26Ii8fPeUlQCGV/NTtms0=
github.com/cloudwego/eino v0.8.13/go.mod h1:+2N4nsMPxA6kGBHpH+75JuTfEcGprAMTdsZESrShKpU=
